
Microsoft Visual Studio Solution File, Format Version 12.00
# Visual Studio Version 16
VisualStudioVersion = 16.0.29215.179
MinimumVisualStudioVersion = 10.0.40219.1
Project("{FAE04EC0-301F-11D3-BF4B-00C04F79EFBC}") = "WebApp1", "WebApp1\WebApp1.csproj", "{025BD3DD-7DF5-40F5-A241-341A521A8B9C}"
EndProject
Global
	GlobalSection(SolutionConfigurationPlatforms) = preSolution
		Debug|Any CPU = Debug|Any CPU
		Release|Any CPU = Release|Any CPU
	EndGlobalSection
	GlobalSection(ProjectConfigurationPlatforms) = postSolution
		{025BD3DD-7DF5-40F5-A241-341A521A8B9C}.Debug|Any CPU.ActiveCfg = Debug|Any CPU
		{025BD3DD-7DF5-40F5-A241-341A521A8B9C}.Debug|Any CPU.Build.0 = Debug|Any CPU
		{025BD3DD-7DF5-40F5-A241-341A521A8B9C}.Release|Any CPU.ActiveCfg = Release|Any CPU
		{025BD3DD-7DF5-40F5-A241-341A521A8B9C}.Release|Any CPU.Build.0 = Release|Any CPU
	EndGlobalSection
	GlobalSection(SolutionProperties) = preSolution
		HideSolutionNode = FALSE
	EndGlobalSection
	GlobalSection(ExtensibilityGlobals) = postSolution
		SolutionGuid = {2E0C1729-D696-4572-9875-BEDF892888EE}
	EndGlobalSection
EndGlobal
