
Microsoft Visual Studio Solution File, Format Version 12.00
# Visual Studio Version 16
VisualStudioVersion = 16.0.29102.190
MinimumVisualStudioVersion = 10.0.40219.1
Project("{9A19103F-16F7-4668-BE54-9A1E7A4F7556}") = "WebApi", "api\WebApi.csproj", "{8D51F4BE-C1EA-4172-9677-71CCB2A51686}"
EndProject
Project("{9A19103F-16F7-4668-BE54-9A1E7A4F7556}") = "WebMvc", "mvc\WebMvc.csproj", "{154D439A-5129-4DE5-86E0-7D712CE365E8}"
EndProject
Project("{9A19103F-16F7-4668-BE54-9A1E7A4F7556}") = "MvcMovie", "tutorial\MvcMovie\MvcMovie.csproj", "{16D9EA5B-5E1A-4A78-BC15-4A2FC2E61ADF}"
EndProject
Project("{9A19103F-16F7-4668-BE54-9A1E7A4F7556}") = "ConsoleApp", "console\ConsoleApp.csproj", "{195759F9-C759-4F08-B02D-303C2F524F6C}"
EndProject
Project("{9A19103F-16F7-4668-BE54-9A1E7A4F7556}") = "WebApi.Tests", "tests\api.Tests\WebApi.Tests.csproj", "{A31FF5EA-3EC9-48C6-ACB2-15D93C361BF3}"
EndProject
Global
	GlobalSection(SolutionConfigurationPlatforms) = preSolution
		Debug|Any CPU = Debug|Any CPU
		Release|Any CPU = Release|Any CPU
	EndGlobalSection
	GlobalSection(ProjectConfigurationPlatforms) = postSolution
		{8D51F4BE-C1EA-4172-9677-71CCB2A51686}.Debug|Any CPU.ActiveCfg = Debug|Any CPU
		{8D51F4BE-C1EA-4172-9677-71CCB2A51686}.Debug|Any CPU.Build.0 = Debug|Any CPU
		{8D51F4BE-C1EA-4172-9677-71CCB2A51686}.Release|Any CPU.ActiveCfg = Release|Any CPU
		{8D51F4BE-C1EA-4172-9677-71CCB2A51686}.Release|Any CPU.Build.0 = Release|Any CPU
		{154D439A-5129-4DE5-86E0-7D712CE365E8}.Debug|Any CPU.ActiveCfg = Debug|Any CPU
		{154D439A-5129-4DE5-86E0-7D712CE365E8}.Debug|Any CPU.Build.0 = Debug|Any CPU
		{154D439A-5129-4DE5-86E0-7D712CE365E8}.Release|Any CPU.ActiveCfg = Release|Any CPU
		{154D439A-5129-4DE5-86E0-7D712CE365E8}.Release|Any CPU.Build.0 = Release|Any CPU
		{16D9EA5B-5E1A-4A78-BC15-4A2FC2E61ADF}.Debug|Any CPU.ActiveCfg = Debug|Any CPU
		{16D9EA5B-5E1A-4A78-BC15-4A2FC2E61ADF}.Debug|Any CPU.Build.0 = Debug|Any CPU
		{16D9EA5B-5E1A-4A78-BC15-4A2FC2E61ADF}.Release|Any CPU.ActiveCfg = Release|Any CPU
		{16D9EA5B-5E1A-4A78-BC15-4A2FC2E61ADF}.Release|Any CPU.Build.0 = Release|Any CPU
		{195759F9-C759-4F08-B02D-303C2F524F6C}.Debug|Any CPU.ActiveCfg = Debug|Any CPU
		{195759F9-C759-4F08-B02D-303C2F524F6C}.Debug|Any CPU.Build.0 = Debug|Any CPU
		{195759F9-C759-4F08-B02D-303C2F524F6C}.Release|Any CPU.ActiveCfg = Release|Any CPU
		{195759F9-C759-4F08-B02D-303C2F524F6C}.Release|Any CPU.Build.0 = Release|Any CPU
		{A31FF5EA-3EC9-48C6-ACB2-15D93C361BF3}.Debug|Any CPU.ActiveCfg = Debug|Any CPU
		{A31FF5EA-3EC9-48C6-ACB2-15D93C361BF3}.Debug|Any CPU.Build.0 = Debug|Any CPU
		{A31FF5EA-3EC9-48C6-ACB2-15D93C361BF3}.Release|Any CPU.ActiveCfg = Release|Any CPU
		{A31FF5EA-3EC9-48C6-ACB2-15D93C361BF3}.Release|Any CPU.Build.0 = Release|Any CPU
	EndGlobalSection
	GlobalSection(SolutionProperties) = preSolution
		HideSolutionNode = FALSE
	EndGlobalSection
	GlobalSection(ExtensibilityGlobals) = postSolution
		SolutionGuid = {1FEB892F-FA0D-4804-A916-5A3A86984BA1}
	EndGlobalSection
EndGlobal
